// !$*UTF8*$!
{
	archiveVersion = 1;
	classes = {
	};
	objectVersion = 50;
	objects = {

/* Begin PBXBuildFile section */
		D58026D125A041D300A61991 /* HelloMapApp.swift in Sources */ = {isa = PBXBuildFile; fileRef = D58026D025A041D300A61991 /* HelloMapApp.swift */; };
		D58026D325A041D300A61991 /* ContentView.swift in Sources */ = {isa = PBXBuildFile; fileRef = D58026D225A041D300A61991 /* ContentView.swift */; };
		D58026D525A041D300A61991 /* Assets.xcassets in Resources */ = {isa = PBXBuildFile; fileRef = D58026D425A041D300A61991 /* Assets.xcassets */; };
		D58026D825A041D300A61991 /* Preview Assets.xcassets in Resources */ = {isa = PBXBuildFile; fileRef = D58026D725A041D300A61991 /* Preview Assets.xcassets */; };
		D58026E125A042AD00A61991 /* MapView.swift in Sources */ = {isa = PBXBuildFile; fileRef = D58026E025A042AD00A61991 /* MapView.swift */; };
		D58026E425A04BCC00A61991 /* LandmarkAnnotation.swift in Sources */ = {isa = PBXBuildFile; fileRef = D58026E325A04BCC00A61991 /* LandmarkAnnotation.swift */; };
		D58026E725A04DFF00A61991 /* MapViewCoordinator.swift in Sources */ = {isa = PBXBuildFile; fileRef = D58026E625A04DFF00A61991 /* MapViewCoordinator.swift */; };
/* End PBXBuildFile section */

/* Begin PBXFileReference section */
		D58026CD25A041D300A61991 /* HelloMap.app */ = {isa = PBXFileReference; explicitFileType = wrapper.application; includeInIndex = 0; path = HelloMap.app; sourceTree = BUILT_PRODUCTS_DIR; };
		D58026D025A041D300A61991 /* HelloMapApp.swift */ = {isa = PBXFileReference; lastKnownFileType = sourcecode.swift; path = HelloMapApp.swift; sourceTree = "<group>"; };
		D58026D225A041D300A61991 /* ContentView.swift */ = {isa = PBXFileReference; lastKnownFileType = sourcecode.swift; path = ContentView.swift; sourceTree = "<group>"; };
		D58026D425A041D300A61991 /* Assets.xcassets */ = {isa = PBXFileReference; lastKnownFileType = folder.assetcatalog; path = Assets.xcassets; sourceTree = "<group>"; };
		D58026D725A041D300A61991 /* Preview Assets.xcassets */ = {isa = PBXFileReference; lastKnownFileType = folder.assetcatalog; path = "Preview Assets.xcassets"; sourceTree = "<group>"; };
		D58026D925A041D300A61991 /* Info.plist */ = {isa = PBXFileReference; lastKnownFileType = text.plist.xml; path = Info.plist; sourceTree = "<group>"; };
		D58026E025A042AD00A61991 /* MapView.swift */ = {isa = PBXFileReference; lastKnownFileType = sourcecode.swift; path = MapView.swift; sourceTree = "<group>"; };
		D58026E325A04BCC00A61991 /* LandmarkAnnotation.swift */ = {isa = PBXFileReference; lastKnownFileType = sourcecode.swift; path = LandmarkAnnotation.swift; sourceTree = "<group>"; };
		D58026E625A04DFF00A61991 /* MapViewCoordinator.swift */ = {isa = PBXFileReference; lastKnownFileType = sourcecode.swift; path = MapViewCoordinator.swift; sourceTree = "<group>"; };
/* End PBXFileReference section */

/* Begin PBXFrameworksBuildPhase section */
		D58026CA25A041D300A61991 /* Frameworks */ = {
			isa = PBXFrameworksBuildPhase;
			buildActionMask = 2147483647;
			files = (
			);
			runOnlyForDeploymentPostprocessing = 0;
		};
/* End PBXFrameworksBuildPhase section */

/* Begin PBXGroup section */
		D58026C425A041D300A61991 = {
			isa = PBXGroup;
			children = (
				D58026CF25A041D300A61991 /* HelloMap */,
				D58026CE25A041D300A61991 /* Products */,
			);
			sourceTree = "<group>";
		};
		D58026CE25A041D300A61991 /* Products */ = {
			isa = PBXGroup;
			children = (
				D58026CD25A041D300A61991 /* HelloMap.app */,
			);
			name = Products;
			sourceTree = "<group>";
		};
		D58026CF25A041D300A61991 /* HelloMap */ = {
			isa = PBXGroup;
			children = (
				D58026D025A041D300A61991 /* HelloMapApp.swift */,
				D58026D225A041D300A61991 /* ContentView.swift */,
				D58026E025A042AD00A61991 /* MapView.swift */,
				D58026E625A04DFF00A61991 /* MapViewCoordinator.swift */,
				D58026E325A04BCC00A61991 /* LandmarkAnnotation.swift */,
				D58026D425A041D300A61991 /* Assets.xcassets */,
				D58026D925A041D300A61991 /* Info.plist */,
				D58026D625A041D300A61991 /* Preview Content */,
			);
			path = HelloMap;
			sourceTree = "<group>";
		};
		D58026D625A041D300A61991 /* Preview Content */ = {
			isa = PBXGroup;
			children = (
				D58026D725A041D300A61991 /* Preview Assets.xcassets */,
			);
			path = "Preview Content";
			sourceTree = "<group>";
		};
/* End PBXGroup section */

/* Begin PBXNativeTarget section */
		D58026CC25A041D300A61991 /* HelloMap */ = {
			isa = PBXNativeTarget;
			buildConfigurationList = D58026DC25A041D300A61991 /* Build configuration list for PBXNativeTarget "HelloMap" */;
			buildPhases = (
				D58026C925A041D300A61991 /* Sources */,
				D58026CA25A041D300A61991 /* Frameworks */,
				D58026CB25A041D300A61991 /* Resources */,
			);
			buildRules = (
			);
			dependencies = (
			);
			name = HelloMap;
			productName = HelloMap;
			productReference = D58026CD25A041D300A61991 /* HelloMap.app */;
			productType = "com.apple.product-type.application";
		};
/* End PBXNativeTarget section */

/* Begin PBXProject section */
		D58026C525A041D300A61991 /* Project object */ = {
			isa = PBXProject;
			attributes = {
				LastSwiftUpdateCheck = 1230;
				LastUpgradeCheck = 1230;
				TargetAttributes = {
					D58026CC25A041D300A61991 = {
						CreatedOnToolsVersion = 12.3;
					};
				};
			};
			buildConfigurationList = D58026C825A041D300A61991 /* Build configuration list for PBXProject "HelloMap" */;
			compatibilityVersion = "Xcode 9.3";
			developmentRegion = en;
			hasScannedForEncodings = 0;
			knownRegions = (
				en,
				Base,
			);
			mainGroup = D58026C425A041D300A61991;
			productRefGroup = D58026CE25A041D300A61991 /* Products */;
			projectDirPath = "";
			projectRoot = "";
			targets = (
				D58026CC25A041D300A61991 /* HelloMap */,
			);
		};
/* End PBXProject section */

/* Begin PBXResourcesBuildPhase section */
		D58026CB25A041D300A61991 /* Resources */ = {
			isa = PBXResourcesBuildPhase;
			buildActionMask = 2147483647;
			files = (
				D58026D825A041D300A61991 /* Preview Assets.xcassets in Resources */,
				D58026D525A041D300A61991 /* Assets.xcassets in Resources */,
			);
			runOnlyForDeploymentPostprocessing = 0;
		};
/* End PBXResourcesBuildPhase section */

/* Begin PBXSourcesBuildPhase section */
		D58026C925A041D300A61991 /* Sources */ = {
			isa = PBXSourcesBuildPhase;
			buildActionMask = 2147483647;
			files = (
				D58026E425A04BCC00A61991 /* LandmarkAnnotation.swift in Sources */,
				D58026D325A041D300A61991 /* ContentView.swift in Sources */,
				D58026E125A042AD00A61991 /* MapView.swift in Sources */,
				D58026D125A041D300A61991 /* HelloMapApp.swift in Sources */,
				D58026E725A04DFF00A61991 /* MapViewCoordinator.swift in Sources */,
			);
			runOnlyForDeploymentPostprocessing = 0;
		};
/* End PBXSourcesBuildPhase section */

/* Begin XCBuildConfiguration section */
		D58026DA25A041D300A61991 /* Debug */ = {
			isa = XCBuildConfiguration;
			buildSettings = {
				ALWAYS_SEARCH_USER_PATHS = NO;
				CLANG_ANALYZER_NONNULL = YES;
				CLANG_ANALYZER_NUMBER_OBJECT_CONVERSION = YES_AGGRESSIVE;
				CLANG_CXX_LANGUAGE_STANDARD = "gnu++14";
				CLANG_CXX_LIBRARY = "libc++";
				CLANG_ENABLE_MODULES = YES;
				CLANG_ENABLE_OBJC_ARC = YES;
				CLANG_ENABLE_OBJC_WEAK = YES;
				CLANG_WARN_BLOCK_CAPTURE_AUTORELEASING = YES;
				CLANG_WARN_BOOL_CONVERSION = YES;
				CLANG_WARN_COMMA = YES;
				CLANG_WARN_CONSTANT_CONVERSION = YES;
				CLANG_WARN_DEPRECATED_OBJC_IMPLEMENTATIONS = YES;
				CLANG_WARN_DIRECT_OBJC_ISA_USAGE = YES_ERROR;
				CLANG_WARN_DOCUMENTATION_COMMENTS = YES;
				CLANG_WARN_EMPTY_BODY = YES;
				CLANG_WARN_ENUM_CONVERSION = YES;
				CLANG_WARN_INFINITE_RECURSION = YES;
				CLANG_WARN_INT_CONVERSION = YES;
				CLANG_WARN_NON_LITERAL_NULL_CONVERSION = YES;
				CLANG_WARN_OBJC_IMPLICIT_RETAIN_SELF = YES;
				CLANG_WARN_OBJC_LITERAL_CONVERSION = YES;
				CLANG_WARN_OBJC_ROOT_CLASS = YES_ERROR;
				CLANG_WARN_QUOTED_INCLUDE_IN_FRAMEWORK_HEADER = YES;
				CLANG_WARN_RANGE_LOOP_ANALYSIS = YES;
				CLANG_WARN_STRICT_PROTOTYPES = YES;
				CLANG_WARN_SUSPICIOUS_MOVE = YES;
				CLANG_WARN_UNGUARDED_AVAILABILITY = YES_AGGRESSIVE;
				CLANG_WARN_UNREACHABLE_CODE = YES;
				CLANG_WARN__DUPLICATE_METHOD_MATCH = YES;
				COPY_PHASE_STRIP = NO;
				DEBUG_INFORMATION_FORMAT = dwarf;
				ENABLE_STRICT_OBJC_MSGSEND = YES;
				ENABLE_TESTABILITY = YES;
				GCC_C_LANGUAGE_STANDARD = gnu11;
				GCC_DYNAMIC_NO_PIC = NO;
				GCC_NO_COMMON_BLOCKS = YES;
				GCC_OPTIMIZATION_LEVEL = 0;
				GCC_PREPROCESSOR_DEFINITIONS = (
					"DEBUG=1",
					"$(inherited)",
				);
				GCC_WARN_64_TO_32_BIT_CONVERSION = YES;
				GCC_WARN_ABOUT_RETURN_TYPE = YES_ERROR;
				GCC_WARN_UNDECLARED_SELECTOR = YES;
				GCC_WARN_UNINITIALIZED_AUTOS = YES_AGGRESSIVE;
				GCC_WARN_UNUSED_FUNCTION = YES;
				GCC_WARN_UNUSED_VARIABLE = YES;
				IPHONEOS_DEPLOYMENT_TARGET = 14.3;
				MTL_ENABLE_DEBUG_INFO = INCLUDE_SOURCE;
				MTL_FAST_MATH = YES;
				ONLY_ACTIVE_ARCH = YES;
				SDKROOT = iphoneos;
				SWIFT_ACTIVE_COMPILATION_CONDITIONS = DEBUG;
				SWIFT_OPTIMIZATION_LEVEL = "-Onone";
			};
			name = Debug;
		};
		D58026DB25A041D300A61991 /* Release */ = {
			isa = XCBuildConfiguration;
			buildSettings = {
				ALWAYS_SEARCH_USER_PATHS = NO;
				CLANG_ANALYZER_NONNULL = YES;
				CLANG_ANALYZER_NUMBER_OBJECT_CONVERSION = YES_AGGRESSIVE;
				CLANG_CXX_LANGUAGE_STANDARD = "gnu++14";
				CLANG_CXX_LIBRARY = "libc++";
				CLANG_ENABLE_MODULES = YES;
				CLANG_ENABLE_OBJC_ARC = YES;
				CLANG_ENABLE_OBJC_WEAK = YES;
				CLANG_WARN_BLOCK_CAPTURE_AUTORELEASING = YES;
				CLANG_WARN_BOOL_CONVERSION = YES;
				CLANG_WARN_COMMA = YES;
				CLANG_WARN_CONSTANT_CONVERSION = YES;
				CLANG_WARN_DEPRECATED_OBJC_IMPLEMENTATIONS = YES;
				CLANG_WARN_DIRECT_OBJC_ISA_USAGE = YES_ERROR;
				CLANG_WARN_DOCUMENTATION_COMMENTS = YES;
				CLANG_WARN_EMPTY_BODY = YES;
				CLANG_WARN_ENUM_CONVERSION = YES;
				CLANG_WARN_INFINITE_RECURSION = YES;
				CLANG_WARN_INT_CONVERSION = YES;
				CLANG_WARN_NON_LITERAL_NULL_CONVERSION = YES;
				CLANG_WARN_OBJC_IMPLICIT_RETAIN_SELF = YES;
				CLANG_WARN_OBJC_LITERAL_CONVERSION = YES;
				CLANG_WARN_OBJC_ROOT_CLASS = YES_ERROR;
				CLANG_WARN_QUOTED_INCLUDE_IN_FRAMEWORK_HEADER = YES;
				CLANG_WARN_RANGE_LOOP_ANALYSIS = YES;
				CLANG_WARN_STRICT_PROTOTYPES = YES;
				CLANG_WARN_SUSPICIOUS_MOVE = YES;
				CLANG_WARN_UNGUARDED_AVAILABILITY = YES_AGGRESSIVE;
				CLANG_WARN_UNREACHABLE_CODE = YES;
				CLANG_WARN__DUPLICATE_METHOD_MATCH = YES;
				COPY_PHASE_STRIP = NO;
				DEBUG_INFORMATION_FORMAT = "dwarf-with-dsym";
				ENABLE_NS_ASSERTIONS = NO;
				ENABLE_STRICT_OBJC_MSGSEND = YES;
				GCC_C_LANGUAGE_STANDARD = gnu11;
				GCC_NO_COMMON_BLOCKS = YES;
				GCC_WARN_64_TO_32_BIT_CONVERSION = YES;
				GCC_WARN_ABOUT_RETURN_TYPE = YES_ERROR;
				GCC_WARN_UNDECLARED_SELECTOR = YES;
				GCC_WARN_UNINITIALIZED_AUTOS = YES_AGGRESSIVE;
				GCC_WARN_UNUSED_FUNCTION = YES;
				GCC_WARN_UNUSED_VARIABLE = YES;
				IPHONEOS_DEPLOYMENT_TARGET = 14.3;
				MTL_ENABLE_DEBUG_INFO = NO;
				MTL_FAST_MATH = YES;
				SDKROOT = iphoneos;
				SWIFT_COMPILATION_MODE = wholemodule;
				SWIFT_OPTIMIZATION_LEVEL = "-O";
				VALIDATE_PRODUCT = YES;
			};
			name = Release;
		};
		D58026DD25A041D300A61991 /* Debug */ = {
			isa = XCBuildConfiguration;
			buildSettings = {
				ASSETCATALOG_COMPILER_APPICON_NAME = AppIcon;
				ASSETCATALOG_COMPILER_GLOBAL_ACCENT_COLOR_NAME = AccentColor;
				CODE_SIGN_STYLE = Automatic;
				DEVELOPMENT_ASSET_PATHS = "\"HelloMap/Preview Content\"";
				DEVELOPMENT_TEAM = 48343X3DUH;
				ENABLE_PREVIEWS = YES;
				INFOPLIST_FILE = HelloMap/Info.plist;
				IPHONEOS_DEPLOYMENT_TARGET = 14.0;
				LD_RUNPATH_SEARCH_PATHS = (
					"$(inherited)",
					"@executable_path/Frameworks",
				);
				PRODUCT_BUNDLE_IDENTIFIER = com.JYL.HelloMap;
				PRODUCT_NAME = "$(TARGET_NAME)";
				SWIFT_VERSION = 5.0;
				TARGETED_DEVICE_FAMILY = "1,2";
			};
			name = Debug;
		};
		D58026DE25A041D300A61991 /* Release */ = {
			isa = XCBuildConfiguration;
			buildSettings = {
				ASSETCATALOG_COMPILER_APPICON_NAME = AppIcon;
				ASSETCATALOG_COMPILER_GLOBAL_ACCENT_COLOR_NAME = AccentColor;
				CODE_SIGN_STYLE = Automatic;
				DEVELOPMENT_ASSET_PATHS = "\"HelloMap/Preview Content\"";
				DEVELOPMENT_TEAM = 48343X3DUH;
				ENABLE_PREVIEWS = YES;
				INFOPLIST_FILE = HelloMap/Info.plist;
				IPHONEOS_DEPLOYMENT_TARGET = 14.0;
				LD_RUNPATH_SEARCH_PATHS = (
					"$(inherited)",
					"@executable_path/Frameworks",
				);
				PRODUCT_BUNDLE_IDENTIFIER = com.JYL.HelloMap;
				PRODUCT_NAME = "$(TARGET_NAME)";
				SWIFT_VERSION = 5.0;
				TARGETED_DEVICE_FAMILY = "1,2";
			};
			name = Release;
		};
/* End XCBuildConfiguration section */

/* Begin XCConfigurationList section */
		D58026C825A041D300A61991 /* Build configuration list for PBXProject "HelloMap" */ = {
			isa = XCConfigurationList;
			buildConfigurations = (
				D58026DA25A041D300A61991 /* Debug */,
				D58026DB25A041D300A61991 /* Release */,
			);
			defaultConfigurationIsVisible = 0;
			defaultConfigurationName = Release;
		};
		D58026DC25A041D300A61991 /* Build configuration list for PBXNativeTarget "HelloMap" */ = {
			isa = XCConfigurationList;
			buildConfigurations = (
				D58026DD25A041D300A61991 /* Debug */,
				D58026DE25A041D300A61991 /* Release */,
			);
			defaultConfigurationIsVisible = 0;
			defaultConfigurationName = Release;
		};
/* End XCConfigurationList section */
	};
	rootObject = D58026C525A041D300A61991 /* Project object */;
}
