// !$*UTF8*$!
{
	archiveVersion = 1;
	classes = {
	};
	objectVersion = 50;
	objects = {

/* Begin PBXBuildFile section */
		D5636D1A2591C678006534CD /* itzyApp.swift in Sources */ = {isa = PBXBuildFile; fileRef = D5636D192591C678006534CD /* itzyApp.swift */; };
		D5636D1C2591C678006534CD /* ContentView.swift in Sources */ = {isa = PBXBuildFile; fileRef = D5636D1B2591C678006534CD /* ContentView.swift */; };
		D5636D1E2591C67A006534CD /* Assets.xcassets in Resources */ = {isa = PBXBuildFile; fileRef = D5636D1D2591C67A006534CD /* Assets.xcassets */; };
		D5636D212591C67A006534CD /* Preview Assets.xcassets in Resources */ = {isa = PBXBuildFile; fileRef = D5636D202591C67A006534CD /* Preview Assets.xcassets */; };
		D5636D2A2591C6BA006534CD /* MemberListView.swift in Sources */ = {isa = PBXBuildFile; fileRef = D5636D292591C6BA006534CD /* MemberListView.swift */; };
		D5636D2D2591C6D1006534CD /* WelcomeView.swift in Sources */ = {isa = PBXBuildFile; fileRef = D5636D2C2591C6D1006534CD /* WelcomeView.swift */; };
		D5AE17E525942783005BEE28 /* SongListView.swift in Sources */ = {isa = PBXBuildFile; fileRef = D5AE17E425942783005BEE28 /* SongListView.swift */; };
		D5C2A3D82597006A00CFC4CA /* Not Shy.mp4 in Resources */ = {isa = PBXBuildFile; fileRef = D5C2A3D72597006A00CFC4CA /* Not Shy.mp4 */; };
		D5C2A3DE259704C000CFC4CA /* ICY.mp4 in Resources */ = {isa = PBXBuildFile; fileRef = D5C2A3DB259704C000CFC4CA /* ICY.mp4 */; };
		D5C2A3DF259704C000CFC4CA /* Wanna Be.mp4 in Resources */ = {isa = PBXBuildFile; fileRef = D5C2A3DC259704C000CFC4CA /* Wanna Be.mp4 */; };
		D5C2A3E0259704C000CFC4CA /* Dalla Dalla.mp4 in Resources */ = {isa = PBXBuildFile; fileRef = D5C2A3DD259704C000CFC4CA /* Dalla Dalla.mp4 */; };
/* End PBXBuildFile section */

/* Begin PBXFileReference section */
		D5636D162591C678006534CD /* itzy.app */ = {isa = PBXFileReference; explicitFileType = wrapper.application; includeInIndex = 0; path = itzy.app; sourceTree = BUILT_PRODUCTS_DIR; };
		D5636D192591C678006534CD /* itzyApp.swift */ = {isa = PBXFileReference; lastKnownFileType = sourcecode.swift; path = itzyApp.swift; sourceTree = "<group>"; };
		D5636D1B2591C678006534CD /* ContentView.swift */ = {isa = PBXFileReference; lastKnownFileType = sourcecode.swift; path = ContentView.swift; sourceTree = "<group>"; };
		D5636D1D2591C67A006534CD /* Assets.xcassets */ = {isa = PBXFileReference; lastKnownFileType = folder.assetcatalog; path = Assets.xcassets; sourceTree = "<group>"; };
		D5636D202591C67A006534CD /* Preview Assets.xcassets */ = {isa = PBXFileReference; lastKnownFileType = folder.assetcatalog; path = "Preview Assets.xcassets"; sourceTree = "<group>"; };
		D5636D222591C67A006534CD /* Info.plist */ = {isa = PBXFileReference; lastKnownFileType = text.plist.xml; path = Info.plist; sourceTree = "<group>"; };
		D5636D292591C6BA006534CD /* MemberListView.swift */ = {isa = PBXFileReference; lastKnownFileType = sourcecode.swift; path = MemberListView.swift; sourceTree = "<group>"; };
		D5636D2C2591C6D1006534CD /* WelcomeView.swift */ = {isa = PBXFileReference; lastKnownFileType = sourcecode.swift; path = WelcomeView.swift; sourceTree = "<group>"; };
		D5AE17E425942783005BEE28 /* SongListView.swift */ = {isa = PBXFileReference; lastKnownFileType = sourcecode.swift; path = SongListView.swift; sourceTree = "<group>"; };
		D5C2A3D72597006A00CFC4CA /* Not Shy.mp4 */ = {isa = PBXFileReference; lastKnownFileType = file; path = "Not Shy.mp4"; sourceTree = "<group>"; };
		D5C2A3DB259704C000CFC4CA /* ICY.mp4 */ = {isa = PBXFileReference; lastKnownFileType = file; path = ICY.mp4; sourceTree = "<group>"; };
		D5C2A3DC259704C000CFC4CA /* Wanna Be.mp4 */ = {isa = PBXFileReference; lastKnownFileType = file; path = "Wanna Be.mp4"; sourceTree = "<group>"; };
		D5C2A3DD259704C000CFC4CA /* Dalla Dalla.mp4 */ = {isa = PBXFileReference; lastKnownFileType = file; path = "Dalla Dalla.mp4"; sourceTree = "<group>"; };
/* End PBXFileReference section */

/* Begin PBXFrameworksBuildPhase section */
		D5636D132591C678006534CD /* Frameworks */ = {
			isa = PBXFrameworksBuildPhase;
			buildActionMask = 2147483647;
			files = (
			);
			runOnlyForDeploymentPostprocessing = 0;
		};
/* End PBXFrameworksBuildPhase section */

/* Begin PBXGroup section */
		D5636D0D2591C677006534CD = {
			isa = PBXGroup;
			children = (
				D5C2A3DD259704C000CFC4CA /* Dalla Dalla.mp4 */,
				D5C2A3DB259704C000CFC4CA /* ICY.mp4 */,
				D5C2A3DC259704C000CFC4CA /* Wanna Be.mp4 */,
				D5C2A3D72597006A00CFC4CA /* Not Shy.mp4 */,
				D5636D182591C678006534CD /* itzy */,
				D5636D172591C678006534CD /* Products */,
			);
			sourceTree = "<group>";
		};
		D5636D172591C678006534CD /* Products */ = {
			isa = PBXGroup;
			children = (
				D5636D162591C678006534CD /* itzy.app */,
			);
			name = Products;
			sourceTree = "<group>";
		};
		D5636D182591C678006534CD /* itzy */ = {
			isa = PBXGroup;
			children = (
				D5636D192591C678006534CD /* itzyApp.swift */,
				D5636D1D2591C67A006534CD /* Assets.xcassets */,
				D5636D222591C67A006534CD /* Info.plist */,
				D5636D1B2591C678006534CD /* ContentView.swift */,
				D5636D2C2591C6D1006534CD /* WelcomeView.swift */,
				D5636D292591C6BA006534CD /* MemberListView.swift */,
				D5AE17E425942783005BEE28 /* SongListView.swift */,
				D5636D1F2591C67A006534CD /* Preview Content */,
			);
			path = itzy;
			sourceTree = "<group>";
		};
		D5636D1F2591C67A006534CD /* Preview Content */ = {
			isa = PBXGroup;
			children = (
				D5636D202591C67A006534CD /* Preview Assets.xcassets */,
			);
			path = "Preview Content";
			sourceTree = "<group>";
		};
/* End PBXGroup section */

/* Begin PBXNativeTarget section */
		D5636D152591C678006534CD /* itzy */ = {
			isa = PBXNativeTarget;
			buildConfigurationList = D5636D252591C67A006534CD /* Build configuration list for PBXNativeTarget "itzy" */;
			buildPhases = (
				D5636D122591C678006534CD /* Sources */,
				D5636D132591C678006534CD /* Frameworks */,
				D5636D142591C678006534CD /* Resources */,
			);
			buildRules = (
			);
			dependencies = (
			);
			name = itzy;
			productName = itzy;
			productReference = D5636D162591C678006534CD /* itzy.app */;
			productType = "com.apple.product-type.application";
		};
/* End PBXNativeTarget section */

/* Begin PBXProject section */
		D5636D0E2591C677006534CD /* Project object */ = {
			isa = PBXProject;
			attributes = {
				LastSwiftUpdateCheck = 1230;
				LastUpgradeCheck = 1230;
				TargetAttributes = {
					D5636D152591C678006534CD = {
						CreatedOnToolsVersion = 12.3;
					};
				};
			};
			buildConfigurationList = D5636D112591C677006534CD /* Build configuration list for PBXProject "itzy" */;
			compatibilityVersion = "Xcode 9.3";
			developmentRegion = en;
			hasScannedForEncodings = 0;
			knownRegions = (
				en,
				Base,
			);
			mainGroup = D5636D0D2591C677006534CD;
			productRefGroup = D5636D172591C678006534CD /* Products */;
			projectDirPath = "";
			projectRoot = "";
			targets = (
				D5636D152591C678006534CD /* itzy */,
			);
		};
/* End PBXProject section */

/* Begin PBXResourcesBuildPhase section */
		D5636D142591C678006534CD /* Resources */ = {
			isa = PBXResourcesBuildPhase;
			buildActionMask = 2147483647;
			files = (
				D5C2A3DE259704C000CFC4CA /* ICY.mp4 in Resources */,
				D5C2A3DF259704C000CFC4CA /* Wanna Be.mp4 in Resources */,
				D5C2A3E0259704C000CFC4CA /* Dalla Dalla.mp4 in Resources */,
				D5C2A3D82597006A00CFC4CA /* Not Shy.mp4 in Resources */,
				D5636D212591C67A006534CD /* Preview Assets.xcassets in Resources */,
				D5636D1E2591C67A006534CD /* Assets.xcassets in Resources */,
			);
			runOnlyForDeploymentPostprocessing = 0;
		};
/* End PBXResourcesBuildPhase section */

/* Begin PBXSourcesBuildPhase section */
		D5636D122591C678006534CD /* Sources */ = {
			isa = PBXSourcesBuildPhase;
			buildActionMask = 2147483647;
			files = (
				D5636D2A2591C6BA006534CD /* MemberListView.swift in Sources */,
				D5636D1C2591C678006534CD /* ContentView.swift in Sources */,
				D5AE17E525942783005BEE28 /* SongListView.swift in Sources */,
				D5636D1A2591C678006534CD /* itzyApp.swift in Sources */,
				D5636D2D2591C6D1006534CD /* WelcomeView.swift in Sources */,
			);
			runOnlyForDeploymentPostprocessing = 0;
		};
/* End PBXSourcesBuildPhase section */

/* Begin XCBuildConfiguration section */
		D5636D232591C67A006534CD /* Debug */ = {
			isa = XCBuildConfiguration;
			buildSettings = {
				ALWAYS_SEARCH_USER_PATHS = NO;
				CLANG_ANALYZER_NONNULL = YES;
				CLANG_ANALYZER_NUMBER_OBJECT_CONVERSION = YES_AGGRESSIVE;
				CLANG_CXX_LANGUAGE_STANDARD = "gnu++14";
				CLANG_CXX_LIBRARY = "libc++";
				CLANG_ENABLE_MODULES = YES;
				CLANG_ENABLE_OBJC_ARC = YES;
				CLANG_ENABLE_OBJC_WEAK = YES;
				CLANG_WARN_BLOCK_CAPTURE_AUTORELEASING = YES;
				CLANG_WARN_BOOL_CONVERSION = YES;
				CLANG_WARN_COMMA = YES;
				CLANG_WARN_CONSTANT_CONVERSION = YES;
				CLANG_WARN_DEPRECATED_OBJC_IMPLEMENTATIONS = YES;
				CLANG_WARN_DIRECT_OBJC_ISA_USAGE = YES_ERROR;
				CLANG_WARN_DOCUMENTATION_COMMENTS = YES;
				CLANG_WARN_EMPTY_BODY = YES;
				CLANG_WARN_ENUM_CONVERSION = YES;
				CLANG_WARN_INFINITE_RECURSION = YES;
				CLANG_WARN_INT_CONVERSION = YES;
				CLANG_WARN_NON_LITERAL_NULL_CONVERSION = YES;
				CLANG_WARN_OBJC_IMPLICIT_RETAIN_SELF = YES;
				CLANG_WARN_OBJC_LITERAL_CONVERSION = YES;
				CLANG_WARN_OBJC_ROOT_CLASS = YES_ERROR;
				CLANG_WARN_QUOTED_INCLUDE_IN_FRAMEWORK_HEADER = YES;
				CLANG_WARN_RANGE_LOOP_ANALYSIS = YES;
				CLANG_WARN_STRICT_PROTOTYPES = YES;
				CLANG_WARN_SUSPICIOUS_MOVE = YES;
				CLANG_WARN_UNGUARDED_AVAILABILITY = YES_AGGRESSIVE;
				CLANG_WARN_UNREACHABLE_CODE = YES;
				CLANG_WARN__DUPLICATE_METHOD_MATCH = YES;
				COPY_PHASE_STRIP = NO;
				DEBUG_INFORMATION_FORMAT = dwarf;
				ENABLE_STRICT_OBJC_MSGSEND = YES;
				ENABLE_TESTABILITY = YES;
				GCC_C_LANGUAGE_STANDARD = gnu11;
				GCC_DYNAMIC_NO_PIC = NO;
				GCC_NO_COMMON_BLOCKS = YES;
				GCC_OPTIMIZATION_LEVEL = 0;
				GCC_PREPROCESSOR_DEFINITIONS = (
					"DEBUG=1",
					"$(inherited)",
				);
				GCC_WARN_64_TO_32_BIT_CONVERSION = YES;
				GCC_WARN_ABOUT_RETURN_TYPE = YES_ERROR;
				GCC_WARN_UNDECLARED_SELECTOR = YES;
				GCC_WARN_UNINITIALIZED_AUTOS = YES_AGGRESSIVE;
				GCC_WARN_UNUSED_FUNCTION = YES;
				GCC_WARN_UNUSED_VARIABLE = YES;
				IPHONEOS_DEPLOYMENT_TARGET = 14.3;
				MTL_ENABLE_DEBUG_INFO = INCLUDE_SOURCE;
				MTL_FAST_MATH = YES;
				ONLY_ACTIVE_ARCH = YES;
				SDKROOT = iphoneos;
				SWIFT_ACTIVE_COMPILATION_CONDITIONS = DEBUG;
				SWIFT_OPTIMIZATION_LEVEL = "-Onone";
			};
			name = Debug;
		};
		D5636D242591C67A006534CD /* Release */ = {
			isa = XCBuildConfiguration;
			buildSettings = {
				ALWAYS_SEARCH_USER_PATHS = NO;
				CLANG_ANALYZER_NONNULL = YES;
				CLANG_ANALYZER_NUMBER_OBJECT_CONVERSION = YES_AGGRESSIVE;
				CLANG_CXX_LANGUAGE_STANDARD = "gnu++14";
				CLANG_CXX_LIBRARY = "libc++";
				CLANG_ENABLE_MODULES = YES;
				CLANG_ENABLE_OBJC_ARC = YES;
				CLANG_ENABLE_OBJC_WEAK = YES;
				CLANG_WARN_BLOCK_CAPTURE_AUTORELEASING = YES;
				CLANG_WARN_BOOL_CONVERSION = YES;
				CLANG_WARN_COMMA = YES;
				CLANG_WARN_CONSTANT_CONVERSION = YES;
				CLANG_WARN_DEPRECATED_OBJC_IMPLEMENTATIONS = YES;
				CLANG_WARN_DIRECT_OBJC_ISA_USAGE = YES_ERROR;
				CLANG_WARN_DOCUMENTATION_COMMENTS = YES;
				CLANG_WARN_EMPTY_BODY = YES;
				CLANG_WARN_ENUM_CONVERSION = YES;
				CLANG_WARN_INFINITE_RECURSION = YES;
				CLANG_WARN_INT_CONVERSION = YES;
				CLANG_WARN_NON_LITERAL_NULL_CONVERSION = YES;
				CLANG_WARN_OBJC_IMPLICIT_RETAIN_SELF = YES;
				CLANG_WARN_OBJC_LITERAL_CONVERSION = YES;
				CLANG_WARN_OBJC_ROOT_CLASS = YES_ERROR;
				CLANG_WARN_QUOTED_INCLUDE_IN_FRAMEWORK_HEADER = YES;
				CLANG_WARN_RANGE_LOOP_ANALYSIS = YES;
				CLANG_WARN_STRICT_PROTOTYPES = YES;
				CLANG_WARN_SUSPICIOUS_MOVE = YES;
				CLANG_WARN_UNGUARDED_AVAILABILITY = YES_AGGRESSIVE;
				CLANG_WARN_UNREACHABLE_CODE = YES;
				CLANG_WARN__DUPLICATE_METHOD_MATCH = YES;
				COPY_PHASE_STRIP = NO;
				DEBUG_INFORMATION_FORMAT = "dwarf-with-dsym";
				ENABLE_NS_ASSERTIONS = NO;
				ENABLE_STRICT_OBJC_MSGSEND = YES;
				GCC_C_LANGUAGE_STANDARD = gnu11;
				GCC_NO_COMMON_BLOCKS = YES;
				GCC_WARN_64_TO_32_BIT_CONVERSION = YES;
				GCC_WARN_ABOUT_RETURN_TYPE = YES_ERROR;
				GCC_WARN_UNDECLARED_SELECTOR = YES;
				GCC_WARN_UNINITIALIZED_AUTOS = YES_AGGRESSIVE;
				GCC_WARN_UNUSED_FUNCTION = YES;
				GCC_WARN_UNUSED_VARIABLE = YES;
				IPHONEOS_DEPLOYMENT_TARGET = 14.3;
				MTL_ENABLE_DEBUG_INFO = NO;
				MTL_FAST_MATH = YES;
				SDKROOT = iphoneos;
				SWIFT_COMPILATION_MODE = wholemodule;
				SWIFT_OPTIMIZATION_LEVEL = "-O";
				VALIDATE_PRODUCT = YES;
			};
			name = Release;
		};
		D5636D262591C67A006534CD /* Debug */ = {
			isa = XCBuildConfiguration;
			buildSettings = {
				ASSETCATALOG_COMPILER_APPICON_NAME = AppIcon;
				ASSETCATALOG_COMPILER_GLOBAL_ACCENT_COLOR_NAME = AccentColor;
				CODE_SIGN_STYLE = Automatic;
				DEVELOPMENT_ASSET_PATHS = "\"itzy/Preview Content\"";
				DEVELOPMENT_TEAM = 48343X3DUH;
				ENABLE_PREVIEWS = YES;
				INFOPLIST_FILE = itzy/Info.plist;
				IPHONEOS_DEPLOYMENT_TARGET = 14.0;
				LD_RUNPATH_SEARCH_PATHS = (
					"$(inherited)",
					"@executable_path/Frameworks",
				);
				PRODUCT_BUNDLE_IDENTIFIER = com.JYL.itzy;
				PRODUCT_NAME = "$(TARGET_NAME)";
				SWIFT_VERSION = 5.0;
				TARGETED_DEVICE_FAMILY = "1,2";
			};
			name = Debug;
		};
		D5636D272591C67A006534CD /* Release */ = {
			isa = XCBuildConfiguration;
			buildSettings = {
				ASSETCATALOG_COMPILER_APPICON_NAME = AppIcon;
				ASSETCATALOG_COMPILER_GLOBAL_ACCENT_COLOR_NAME = AccentColor;
				CODE_SIGN_STYLE = Automatic;
				DEVELOPMENT_ASSET_PATHS = "\"itzy/Preview Content\"";
				DEVELOPMENT_TEAM = 48343X3DUH;
				ENABLE_PREVIEWS = YES;
				INFOPLIST_FILE = itzy/Info.plist;
				IPHONEOS_DEPLOYMENT_TARGET = 14.0;
				LD_RUNPATH_SEARCH_PATHS = (
					"$(inherited)",
					"@executable_path/Frameworks",
				);
				PRODUCT_BUNDLE_IDENTIFIER = com.JYL.itzy;
				PRODUCT_NAME = "$(TARGET_NAME)";
				SWIFT_VERSION = 5.0;
				TARGETED_DEVICE_FAMILY = "1,2";
			};
			name = Release;
		};
/* End XCBuildConfiguration section */

/* Begin XCConfigurationList section */
		D5636D112591C677006534CD /* Build configuration list for PBXProject "itzy" */ = {
			isa = XCConfigurationList;
			buildConfigurations = (
				D5636D232591C67A006534CD /* Debug */,
				D5636D242591C67A006534CD /* Release */,
			);
			defaultConfigurationIsVisible = 0;
			defaultConfigurationName = Release;
		};
		D5636D252591C67A006534CD /* Build configuration list for PBXNativeTarget "itzy" */ = {
			isa = XCConfigurationList;
			buildConfigurations = (
				D5636D262591C67A006534CD /* Debug */,
				D5636D272591C67A006534CD /* Release */,
			);
			defaultConfigurationIsVisible = 0;
			defaultConfigurationName = Release;
		};
/* End XCConfigurationList section */
	};
	rootObject = D5636D0E2591C677006534CD /* Project object */;
}
